PODS:
  - NextPatchGame (1.0.2)
  - SDWebImage (5.21.2):
    - SDWebImage/Core (= 5.21.2)
  - SDWebImage/Core (5.21.2)
  - SnackBar.swift (0.1.0):
    - SnapKit
  - SnapKit (5.7.1)
  - Swinject (2.9.1)

DEPENDENCIES:
  - NextPatchGame
  - SDWebImage
  - SnackBar.swift
  - Swinject

SPEC REPOS:
  trunk:
    - NextPatchGame
    - SDWebImage
    - SnackBar.swift
    - SnapKit
    - Swinject

SPEC CHECKSUMS:
  NextPatchGame: 83ed7ae5f950ae506fda72e872657f3bad563900
  SDWebImage: 9f177d83116802728e122410fb25ad88f5c7608a
  SnackBar.swift: 79ea4df13ea9e6633137dd6acbd490534d26440d
  SnapKit: d612e99e678a2d3b95bf60b0705ed0a35c03484a
  Swinject: a827d508c6270da03ec74e558e728917a888fa9b

PODFILE CHECKSUM: 5eb1ad482edbbf9d5d61a4c23e5c45ab857a8ede

COCOAPODS: 1.16.2
