PODS:
  - SDWebImage (5.21.2):
    - SDWebImage/Core (= 5.21.2)
  - SDWebImage/Core (5.21.2)
  - SnackBar.swift (0.1.0):
    - SnapKit
  - SnapKit (5.7.1)
  - Swinject (2.9.1)

DEPENDENCIES:
  - SDWebImage
  - SnackBar.swift
  - Swinject

SPEC REPOS:
  trunk:
    - SDWebImage
    - SnackBar.swift
    - SnapKit
    - Swinject

SPEC CHECKSUMS:
  SDWebImage: 9f177d83116802728e122410fb25ad88f5c7608a
  SnackBar.swift: 79ea4df13ea9e6633137dd6acbd490534d26440d
  SnapKit: d612e99e678a2d3b95bf60b0705ed0a35c03484a
  Swinject: a827d508c6270da03ec74e558e728917a888fa9b

PODFILE CHECKSUM: 2d3767cd1963b3c0819e703c761577a98bbdcc16

COCOAPODS: 1.16.2
