// !$*UTF8*$!
{
	archiveVersion = 1;
	classes = {
	};
	objectVersion = 77;
	objects = {

/* Begin PBXBuildFile section */
		006F6F2E2E406E38007F658E /* .swiftlint.yml in Resources */ = {isa = PBXBuildFile; fileRef = 006F6F2D2E406E31007F658E /* .swiftlint.yml */; };
		193C9AC5C72020FDD4F339A2 /* Pods_NextPatchTests.framework in Frameworks */ = {isa = PBXBuildFile; fileRef = 8C83B56E0B47E46FB4F80A18 /* Pods_NextPatchTests.framework */; };
		2D401D08EB7BF73368952AE7 /* Pods_NextPatch.framework in Frameworks */ = {isa = PBXBuildFile; fileRef = 9F968DAFC47D9BD1092CE9CB /* Pods_NextPatch.framework */; };
/* End PBXBuildFile section */

/* Begin PBXContainerItemProxy section */
		00F59B2B2E49F90E00027FC0 /* PBXContainerItemProxy */ = {
			isa = PBXContainerItemProxy;
			containerPortal = 006F6F042E406301007F658E /* Project object */;
			proxyType = 1;
			remoteGlobalIDString = 006F6F0B2E406301007F658E;
			remoteInfo = NextPatch;
		};
/* End PBXContainerItemProxy section */

/* Begin PBXFileReference section */
		0033E55B2E879D9C00E4CA41 /* Game.framework */ = {isa = PBXFileReference; explicitFileType = wrapper.framework; path = Game.framework; sourceTree = BUILT_PRODUCTS_DIR; };
		006F6F0C2E406301007F658E /* NextPatch.app */ = {isa = PBXFileReference; explicitFileType = wrapper.application; includeInIndex = 0; path = NextPatch.app; sourceTree = BUILT_PRODUCTS_DIR; };
		006F6F2D2E406E31007F658E /* .swiftlint.yml */ = {isa = PBXFileReference; lastKnownFileType = text.yaml; path = .swiftlint.yml; sourceTree = "<group>"; };
		00F59B272E49F90E00027FC0 /* NextPatchTests.xctest */ = {isa = PBXFileReference; explicitFileType = wrapper.cfbundle; includeInIndex = 0; path = NextPatchTests.xctest; sourceTree = BUILT_PRODUCTS_DIR; };
		02A23D89D6DFCDEE28A4E533 /* Pods-NextPatch.debug.xcconfig */ = {isa = PBXFileReference; includeInIndex = 1; lastKnownFileType = text.xcconfig; name = "Pods-NextPatch.debug.xcconfig"; path = "Target Support Files/Pods-NextPatch/Pods-NextPatch.debug.xcconfig"; sourceTree = "<group>"; };
		5FA76C47B24F40312E6C3225 /* Pods-NextPatchTests.debug.xcconfig */ = {isa = PBXFileReference; includeInIndex = 1; lastKnownFileType = text.xcconfig; name = "Pods-NextPatchTests.debug.xcconfig"; path = "Target Support Files/Pods-NextPatchTests/Pods-NextPatchTests.debug.xcconfig"; sourceTree = "<group>"; };
		720F721E2AA2B9BD34BB48E6 /* Pods-NextPatchTests.release.xcconfig */ = {isa = PBXFileReference; includeInIndex = 1; lastKnownFileType = text.xcconfig; name = "Pods-NextPatchTests.release.xcconfig"; path = "Target Support Files/Pods-NextPatchTests/Pods-NextPatchTests.release.xcconfig"; sourceTree = "<group>"; };
		8C83B56E0B47E46FB4F80A18 /* Pods_NextPatchTests.framework */ = {isa = PBXFileReference; explicitFileType = wrapper.framework; includeInIndex = 0; path = Pods_NextPatchTests.framework; sourceTree = BUILT_PRODUCTS_DIR; };
		9F968DAFC47D9BD1092CE9CB /* Pods_NextPatch.framework */ = {isa = PBXFileReference; explicitFileType = wrapper.framework; includeInIndex = 0; path = Pods_NextPatch.framework; sourceTree = BUILT_PRODUCTS_DIR; };
		EF22F4BFCA6E0D82142E470D /* Pods-NextPatch.release.xcconfig */ = {isa = PBXFileReference; includeInIndex = 1; lastKnownFileType = text.xcconfig; name = "Pods-NextPatch.release.xcconfig"; path = "Target Support Files/Pods-NextPatch/Pods-NextPatch.release.xcconfig"; sourceTree = "<group>"; };
/* End PBXFileReference section */

/* Begin PBXFileSystemSynchronizedBuildFileExceptionSet section */
		006F6F1E2E406304007F658E /* Exceptions for "NextPatch" folder in "NextPatch" target */ = {
			isa = PBXFileSystemSynchronizedBuildFileExceptionSet;
			membershipExceptions = (
				Info.plist,
			);
			target = 006F6F0B2E406301007F658E /* NextPatch */;
		};
		00F59B222E49F8CB00027FC0 /* Exceptions for "TestingTests" folder in "NextPatch" target */ = {
			isa = PBXFileSystemSynchronizedBuildFileExceptionSet;
			membershipExceptions = (
				DomainTest/GameFilterTest.swift,
			);
			target = 006F6F0B2E406301007F658E /* NextPatch */;
		};
		00F59B312E49F91800027FC0 /* Exceptions for "TestingTests" folder in "NextPatchTests" target */ = {
			isa = PBXFileSystemSynchronizedBuildFileExceptionSet;
			membershipExceptions = (
				DomainTest/GameFilterTest.swift,
			);
			target = 00F59B262E49F90E00027FC0 /* NextPatchTests */;
		};
/* End PBXFileSystemSynchronizedBuildFileExceptionSet section */

/* Begin PBXFileSystemSynchronizedRootGroup section */
		006F6F0E2E406301007F658E /* NextPatch */ = {
			isa = PBXFileSystemSynchronizedRootGroup;
			exceptions = (
				006F6F1E2E406304007F658E /* Exceptions for "NextPatch" folder in "NextPatch" target */,
			);
			path = NextPatch;
			sourceTree = "<group>";
		};
		00F59B072E49F83D00027FC0 /* TestingTests */ = {
			isa = PBXFileSystemSynchronizedRootGroup;
			exceptions = (
				00F59B222E49F8CB00027FC0 /* Exceptions for "TestingTests" folder in "NextPatch" target */,
				00F59B312E49F91800027FC0 /* Exceptions for "TestingTests" folder in "NextPatchTests" target */,
			);
			path = TestingTests;
			sourceTree = "<group>";
		};
		00F59B282E49F90E00027FC0 /* NextPatchTests */ = {
			isa = PBXFileSystemSynchronizedRootGroup;
			path = NextPatchTests;
			sourceTree = "<group>";
		};
/* End PBXFileSystemSynchronizedRootGroup section */

/* Begin PBXFrameworksBuildPhase section */
		006F6F092E406301007F658E /* Frameworks */ = {
			isa = PBXFrameworksBuildPhase;
			buildActionMask = 2147483647;
			files = (
				2D401D08EB7BF73368952AE7 /* Pods_NextPatch.framework in Frameworks */,
			);
			runOnlyForDeploymentPostprocessing = 0;
		};
		00F59B242E49F90E00027FC0 /* Frameworks */ = {
			isa = PBXFrameworksBuildPhase;
			buildActionMask = 2147483647;
			files = (
				193C9AC5C72020FDD4F339A2 /* Pods_NextPatchTests.framework in Frameworks */,
			);
			runOnlyForDeploymentPostprocessing = 0;
		};
/* End PBXFrameworksBuildPhase section */

/* Begin PBXGroup section */
		006F6F032E406301007F658E = {
			isa = PBXGroup;
			children = (
				006F6F2D2E406E31007F658E /* .swiftlint.yml */,
				006F6F0E2E406301007F658E /* NextPatch */,
				00F59B072E49F83D00027FC0 /* TestingTests */,
				00F59B282E49F90E00027FC0 /* NextPatchTests */,
				006F6F0D2E406301007F658E /* Products */,
				7A043B97AF7E99A25F6B6FF5 /* Pods */,
				2FB1A4EAD72D607CD77B3001 /* Frameworks */,
			);
			sourceTree = "<group>";
		};
		006F6F0D2E406301007F658E /* Products */ = {
			isa = PBXGroup;
			children = (
				006F6F0C2E406301007F658E /* NextPatch.app */,
				00F59B272E49F90E00027FC0 /* NextPatchTests.xctest */,
			);
			name = Products;
			sourceTree = "<group>";
		};
		2FB1A4EAD72D607CD77B3001 /* Frameworks */ = {
			isa = PBXGroup;
			children = (
				0033E55B2E879D9C00E4CA41 /* Game.framework */,
				9F968DAFC47D9BD1092CE9CB /* Pods_NextPatch.framework */,
				8C83B56E0B47E46FB4F80A18 /* Pods_NextPatchTests.framework */,
			);
			name = Frameworks;
			sourceTree = "<group>";
		};
		7A043B97AF7E99A25F6B6FF5 /* Pods */ = {
			isa = PBXGroup;
			children = (
				02A23D89D6DFCDEE28A4E533 /* Pods-NextPatch.debug.xcconfig */,
				EF22F4BFCA6E0D82142E470D /* Pods-NextPatch.release.xcconfig */,
				5FA76C47B24F40312E6C3225 /* Pods-NextPatchTests.debug.xcconfig */,
				720F721E2AA2B9BD34BB48E6 /* Pods-NextPatchTests.release.xcconfig */,
			);
			path = Pods;
			sourceTree = "<group>";
		};
/* End PBXGroup section */

/* Begin PBXNativeTarget section */
		006F6F0B2E406301007F658E /* NextPatch */ = {
			isa = PBXNativeTarget;
			buildConfigurationList = 006F6F1F2E406304007F658E /* Build configuration list for PBXNativeTarget "NextPatch" */;
			buildPhases = (
				E7DCC34EF7FA0611EB483839 /* [CP] Check Pods Manifest.lock */,
				006F6F082E406301007F658E /* Sources */,
				006F6F092E406301007F658E /* Frameworks */,
				006F6F0A2E406301007F658E /* Resources */,
				006F6F252E4063F3007F658E /* ShellScript */,
				1DB6FD662984127F3B8D95D0 /* [CP] Embed Pods Frameworks */,
			);
			buildRules = (
			);
			dependencies = (
			);
			fileSystemSynchronizedGroups = (
				006F6F0E2E406301007F658E /* NextPatch */,
				00F59B072E49F83D00027FC0 /* TestingTests */,
			);
			name = NextPatch;
			productName = NextPatch;
			productReference = 006F6F0C2E406301007F658E /* NextPatch.app */;
			productType = "com.apple.product-type.application";
		};
		00F59B262E49F90E00027FC0 /* NextPatchTests */ = {
			isa = PBXNativeTarget;
			buildConfigurationList = 00F59B2D2E49F90E00027FC0 /* Build configuration list for PBXNativeTarget "NextPatchTests" */;
			buildPhases = (
				54E8EA42BC0D2F678AD3CCAD /* [CP] Check Pods Manifest.lock */,
				00F59B232E49F90E00027FC0 /* Sources */,
				00F59B242E49F90E00027FC0 /* Frameworks */,
				00F59B252E49F90E00027FC0 /* Resources */,
			);
			buildRules = (
			);
			dependencies = (
				00F59B2C2E49F90E00027FC0 /* PBXTargetDependency */,
			);
			fileSystemSynchronizedGroups = (
				00F59B282E49F90E00027FC0 /* NextPatchTests */,
			);
			name = NextPatchTests;
			productName = NextPatchTests;
			productReference = 00F59B272E49F90E00027FC0 /* NextPatchTests.xctest */;
			productType = "com.apple.product-type.bundle.unit-test";
		};
/* End PBXNativeTarget section */

/* Begin PBXProject section */
		006F6F042E406301007F658E /* Project object */ = {
			isa = PBXProject;
			attributes = {
				BuildIndependentTargetsInParallel = 1;
				LastSwiftUpdateCheck = 1640;
				LastUpgradeCheck = 1640;
				TargetAttributes = {
					006F6F0B2E406301007F658E = {
						CreatedOnToolsVersion = 16.4;
					};
					00F59B262E49F90E00027FC0 = {
						CreatedOnToolsVersion = 16.4;
						TestTargetID = 006F6F0B2E406301007F658E;
					};
				};
			};
			buildConfigurationList = 006F6F072E406301007F658E /* Build configuration list for PBXProject "NextPatch" */;
			developmentRegion = en;
			hasScannedForEncodings = 0;
			knownRegions = (
				en,
				Base,
			);
			mainGroup = 006F6F032E406301007F658E;
			minimizedProjectReferenceProxies = 1;
			preferredProjectObjectVersion = 77;
			productRefGroup = 006F6F0D2E406301007F658E /* Products */;
			projectDirPath = "";
			projectRoot = "";
			targets = (
				006F6F0B2E406301007F658E /* NextPatch */,
				00F59B262E49F90E00027FC0 /* NextPatchTests */,
			);
		};
/* End PBXProject section */

/* Begin PBXResourcesBuildPhase section */
		006F6F0A2E406301007F658E /* Resources */ = {
			isa = PBXResourcesBuildPhase;
			buildActionMask = 2147483647;
			files = (
				006F6F2E2E406E38007F658E /* .swiftlint.yml in Resources */,
			);
			runOnlyForDeploymentPostprocessing = 0;
		};
		00F59B252E49F90E00027FC0 /* Resources */ = {
			isa = PBXResourcesBuildPhase;
			buildActionMask = 2147483647;
			files = (
			);
			runOnlyForDeploymentPostprocessing = 0;
		};
/* End PBXResourcesBuildPhase section */

/* Begin PBXShellScriptBuildPhase section */
		006F6F252E4063F3007F658E /* ShellScript */ = {
			isa = PBXShellScriptBuildPhase;
			buildActionMask = 12;
			files = (
			);
			inputFileListPaths = (
			);
			inputPaths = (
			);
			outputFileListPaths = (
			);
			outputPaths = (
			);
			runOnlyForDeploymentPostprocessing = 0;
			shellPath = /bin/sh;
			shellScript = "SWIFTLINT=\"/opt/homebrew/bin/swiftlint\"\n\nif [ -x \"$SWIFTLINT\" ]; then\n  echo \"Using SwiftLint at: $SWIFTLINT\"\n  echo \"Version: $($SWIFTLINT version)\"\n  \"$SWIFTLINT\" lint \"${SRCROOT}\" --config \"${SRCROOT}/.swiftlint.yml\"\nelse\n  echo \"warning: SwiftLint not found at $SWIFTLINT\"\nfi\n";
		};
		1DB6FD662984127F3B8D95D0 /* [CP] Embed Pods Frameworks */ = {
			isa = PBXShellScriptBuildPhase;
			buildActionMask = 2147483647;
			files = (
			);
			inputFileListPaths = (
				"${PODS_ROOT}/Target Support Files/Pods-NextPatch/Pods-NextPatch-frameworks-${CONFIGURATION}-input-files.xcfilelist",
			);
			inputPaths = (
			);
			name = "[CP] Embed Pods Frameworks";
			outputFileListPaths = (
				"${PODS_ROOT}/Target Support Files/Pods-NextPatch/Pods-NextPatch-frameworks-${CONFIGURATION}-output-files.xcfilelist",
			);
			outputPaths = (
			);
			runOnlyForDeploymentPostprocessing = 0;
			shellPath = /bin/sh;
			shellScript = "\"${PODS_ROOT}/Target Support Files/Pods-NextPatch/Pods-NextPatch-frameworks.sh\"\n";
			showEnvVarsInLog = 0;
		};
		54E8EA42BC0D2F678AD3CCAD /* [CP] Check Pods Manifest.lock */ = {
			isa = PBXShellScriptBuildPhase;
			buildActionMask = 2147483647;
			files = (
			);
			inputFileListPaths = (
			);
			inputPaths = (
				"${PODS_PODFILE_DIR_PATH}/Podfile.lock",
				"${PODS_ROOT}/Manifest.lock",
			);
			name = "[CP] Check Pods Manifest.lock";
			outputFileListPaths = (
			);
			outputPaths = (
				"$(DERIVED_FILE_DIR)/Pods-NextPatchTests-checkManifestLockResult.txt",
			);
			runOnlyForDeploymentPostprocessing = 0;
			shellPath = /bin/sh;
			shellScript = "diff \"${PODS_PODFILE_DIR_PATH}/Podfile.lock\" \"${PODS_ROOT}/Manifest.lock\" > /dev/null\nif [ $? != 0 ] ; then\n    # print error to STDERR\n    echo \"error: The sandbox is not in sync with the Podfile.lock. Run 'pod install' or update your CocoaPods installation.\" >&2\n    exit 1\nfi\n# This output is used by Xcode 'outputs' to avoid re-running this script phase.\necho \"SUCCESS\" > \"${SCRIPT_OUTPUT_FILE_0}\"\n";
			showEnvVarsInLog = 0;
		};
		E7DCC34EF7FA0611EB483839 /* [CP] Check Pods Manifest.lock */ = {
			isa = PBXShellScriptBuildPhase;
			buildActionMask = 2147483647;
			files = (
			);
			inputFileListPaths = (
			);
			inputPaths = (
				"${PODS_PODFILE_DIR_PATH}/Podfile.lock",
				"${PODS_ROOT}/Manifest.lock",
			);
			name = "[CP] Check Pods Manifest.lock";
			outputFileListPaths = (
			);
			outputPaths = (
				"$(DERIVED_FILE_DIR)/Pods-NextPatch-checkManifestLockResult.txt",
			);
			runOnlyForDeploymentPostprocessing = 0;
			shellPath = /bin/sh;
			shellScript = "diff \"${PODS_PODFILE_DIR_PATH}/Podfile.lock\" \"${PODS_ROOT}/Manifest.lock\" > /dev/null\nif [ $? != 0 ] ; then\n    # print error to STDERR\n    echo \"error: The sandbox is not in sync with the Podfile.lock. Run 'pod install' or update your CocoaPods installation.\" >&2\n    exit 1\nfi\n# This output is used by Xcode 'outputs' to avoid re-running this script phase.\necho \"SUCCESS\" > \"${SCRIPT_OUTPUT_FILE_0}\"\n";
			showEnvVarsInLog = 0;
		};
/* End PBXShellScriptBuildPhase section */

/* Begin PBXSourcesBuildPhase section */
		006F6F082E406301007F658E /* Sources */ = {
			isa = PBXSourcesBuildPhase;
			buildActionMask = 2147483647;
			files = (
			);
			runOnlyForDeploymentPostprocessing = 0;
		};
		00F59B232E49F90E00027FC0 /* Sources */ = {
			isa = PBXSourcesBuildPhase;
			buildActionMask = 2147483647;
			files = (
			);
			runOnlyForDeploymentPostprocessing = 0;
		};
/* End PBXSourcesBuildPhase section */

/* Begin PBXTargetDependency section */
		00F59B2C2E49F90E00027FC0 /* PBXTargetDependency */ = {
			isa = PBXTargetDependency;
			target = 006F6F0B2E406301007F658E /* NextPatch */;
			targetProxy = 00F59B2B2E49F90E00027FC0 /* PBXContainerItemProxy */;
		};
/* End PBXTargetDependency section */

/* Begin XCBuildConfiguration section */
		006F6F202E406304007F658E /* Debug */ = {
			isa = XCBuildConfiguration;
			baseConfigurationReference = 02A23D89D6DFCDEE28A4E533 /* Pods-NextPatch.debug.xcconfig */;
			buildSettings = {
				ASSETCATALOG_COMPILER_APPICON_NAME = AppIcon;
				ASSETCATALOG_COMPILER_GLOBAL_ACCENT_COLOR_NAME = AccentColor;
				CODE_SIGN_STYLE = Automatic;
				CURRENT_PROJECT_VERSION = 1;
				DEVELOPMENT_TEAM = "";
				ENABLE_USER_SCRIPT_SANDBOXING = NO;
				GENERATE_INFOPLIST_FILE = YES;
				INFOPLIST_FILE = NextPatch/Info.plist;
				INFOPLIST_KEY_UIApplicationSupportsIndirectInputEvents = YES;
				INFOPLIST_KEY_UILaunchStoryboardName = LaunchScreen;
				INFOPLIST_KEY_UISupportedInterfaceOrientations_iPad = "UIInterfaceOrientationPortrait UIInterfaceOrientationPortraitUpsideDown UIInterfaceOrientationLandscapeLeft UIInterfaceOrientationLandscapeRight";
				INFOPLIST_KEY_UISupportedInterfaceOrientations_iPhone = "UIInterfaceOrientationPortrait UIInterfaceOrientationLandscapeLeft UIInterfaceOrientationLandscapeRight";
				LD_RUNPATH_SEARCH_PATHS = (
					"$(inherited)",
					"@executable_path/Frameworks",
				);
				MARKETING_VERSION = 1.0;
				PRODUCT_BUNDLE_IDENTIFIER = com.irfanularifa.NextPatch;
				PRODUCT_NAME = "$(TARGET_NAME)";
				SWIFT_EMIT_LOC_STRINGS = YES;
				SWIFT_VERSION = 5.0;
				TARGETED_DEVICE_FAMILY = "1,2";
			};
			name = Debug;
		};
		006F6F212E406304007F658E /* Release */ = {
			isa = XCBuildConfiguration;
			baseConfigurationReference = EF22F4BFCA6E0D82142E470D /* Pods-NextPatch.release.xcconfig */;
			buildSettings = {
				ASSETCATALOG_COMPILER_APPICON_NAME = AppIcon;
				ASSETCATALOG_COMPILER_GLOBAL_ACCENT_COLOR_NAME = AccentColor;
				CODE_SIGN_STYLE = Automatic;
				CURRENT_PROJECT_VERSION = 1;
				DEVELOPMENT_TEAM = "";
				ENABLE_USER_SCRIPT_SANDBOXING = NO;
				GENERATE_INFOPLIST_FILE = YES;
				INFOPLIST_FILE = NextPatch/Info.plist;
				INFOPLIST_KEY_UIApplicationSupportsIndirectInputEvents = YES;
				INFOPLIST_KEY_UILaunchStoryboardName = LaunchScreen;
				INFOPLIST_KEY_UISupportedInterfaceOrientations_iPad = "UIInterfaceOrientationPortrait UIInterfaceOrientationPortraitUpsideDown UIInterfaceOrientationLandscapeLeft UIInterfaceOrientationLandscapeRight";
				INFOPLIST_KEY_UISupportedInterfaceOrientations_iPhone = "UIInterfaceOrientationPortrait UIInterfaceOrientationLandscapeLeft UIInterfaceOrientationLandscapeRight";
				LD_RUNPATH_SEARCH_PATHS = (
					"$(inherited)",
					"@executable_path/Frameworks",
				);
				MARKETING_VERSION = 1.0;
				PRODUCT_BUNDLE_IDENTIFIER = com.irfanularifa.NextPatch;
				PRODUCT_NAME = "$(TARGET_NAME)";
				SWIFT_EMIT_LOC_STRINGS = YES;
				SWIFT_VERSION = 5.0;
				TARGETED_DEVICE_FAMILY = "1,2";
			};
			name = Release;
		};
		006F6F222E406304007F658E /* Debug */ = {
			isa = XCBuildConfiguration;
			buildSettings = {
				ALWAYS_SEARCH_USER_PATHS = NO;
				ASSETCATALOG_COMPILER_GENERATE_SWIFT_ASSET_SYMBOL_EXTENSIONS = YES;
				CLANG_ANALYZER_NONNULL = YES;
				CLANG_ANALYZER_NUMBER_OBJECT_CONVERSION = YES_AGGRESSIVE;
				CLANG_CXX_LANGUAGE_STANDARD = "gnu++20";
				CLANG_ENABLE_MODULES = YES;
				CLANG_ENABLE_OBJC_ARC = YES;
				CLANG_ENABLE_OBJC_WEAK = YES;
				CLANG_WARN_BLOCK_CAPTURE_AUTORELEASING = YES;
				CLANG_WARN_BOOL_CONVERSION = YES;
				CLANG_WARN_COMMA = YES;
				CLANG_WARN_CONSTANT_CONVERSION = YES;
				CLANG_WARN_DEPRECATED_OBJC_IMPLEMENTATIONS = YES;
				CLANG_WARN_DIRECT_OBJC_ISA_USAGE = YES_ERROR;
				CLANG_WARN_DOCUMENTATION_COMMENTS = YES;
				CLANG_WARN_EMPTY_BODY = YES;
				CLANG_WARN_ENUM_CONVERSION = YES;
				CLANG_WARN_INFINITE_RECURSION = YES;
				CLANG_WARN_INT_CONVERSION = YES;
				CLANG_WARN_NON_LITERAL_NULL_CONVERSION = YES;
				CLANG_WARN_OBJC_IMPLICIT_RETAIN_SELF = YES;
				CLANG_WARN_OBJC_LITERAL_CONVERSION = YES;
				CLANG_WARN_OBJC_ROOT_CLASS = YES_ERROR;
				CLANG_WARN_QUOTED_INCLUDE_IN_FRAMEWORK_HEADER = YES;
				CLANG_WARN_RANGE_LOOP_ANALYSIS = YES;
				CLANG_WARN_STRICT_PROTOTYPES = YES;
				CLANG_WARN_SUSPICIOUS_MOVE = YES;
				CLANG_WARN_UNGUARDED_AVAILABILITY = YES_AGGRESSIVE;
				CLANG_WARN_UNREACHABLE_CODE = YES;
				CLANG_WARN__DUPLICATE_METHOD_MATCH = YES;
				COPY_PHASE_STRIP = NO;
				DEBUG_INFORMATION_FORMAT = dwarf;
				DEVELOPMENT_TEAM = W6HK24QZS4;
				ENABLE_STRICT_OBJC_MSGSEND = YES;
				ENABLE_TESTABILITY = YES;
				ENABLE_USER_SCRIPT_SANDBOXING = YES;
				GCC_C_LANGUAGE_STANDARD = gnu17;
				GCC_DYNAMIC_NO_PIC = NO;
				GCC_NO_COMMON_BLOCKS = YES;
				GCC_OPTIMIZATION_LEVEL = 0;
				GCC_PREPROCESSOR_DEFINITIONS = (
					"DEBUG=1",
					"$(inherited)",
				);
				GCC_WARN_64_TO_32_BIT_CONVERSION = YES;
				GCC_WARN_ABOUT_RETURN_TYPE = YES_ERROR;
				GCC_WARN_UNDECLARED_SELECTOR = YES;
				GCC_WARN_UNINITIALIZED_AUTOS = YES_AGGRESSIVE;
				GCC_WARN_UNUSED_FUNCTION = YES;
				GCC_WARN_UNUSED_VARIABLE = YES;
				IPHONEOS_DEPLOYMENT_TARGET = 18.5;
				LOCALIZATION_PREFERS_STRING_CATALOGS = YES;
				MTL_ENABLE_DEBUG_INFO = INCLUDE_SOURCE;
				MTL_FAST_MATH = YES;
				ONLY_ACTIVE_ARCH = YES;
				SDKROOT = iphoneos;
				SWIFT_ACTIVE_COMPILATION_CONDITIONS = "DEBUG $(inherited)";
				SWIFT_OPTIMIZATION_LEVEL = "-Onone";
			};
			name = Debug;
		};
		006F6F232E406304007F658E /* Release */ = {
			isa = XCBuildConfiguration;
			buildSettings = {
				ALWAYS_SEARCH_USER_PATHS = NO;
				ASSETCATALOG_COMPILER_GENERATE_SWIFT_ASSET_SYMBOL_EXTENSIONS = YES;
				CLANG_ANALYZER_NONNULL = YES;
				CLANG_ANALYZER_NUMBER_OBJECT_CONVERSION = YES_AGGRESSIVE;
				CLANG_CXX_LANGUAGE_STANDARD = "gnu++20";
				CLANG_ENABLE_MODULES = YES;
				CLANG_ENABLE_OBJC_ARC = YES;
				CLANG_ENABLE_OBJC_WEAK = YES;
				CLANG_WARN_BLOCK_CAPTURE_AUTORELEASING = YES;
				CLANG_WARN_BOOL_CONVERSION = YES;
				CLANG_WARN_COMMA = YES;
				CLANG_WARN_CONSTANT_CONVERSION = YES;
				CLANG_WARN_DEPRECATED_OBJC_IMPLEMENTATIONS = YES;
				CLANG_WARN_DIRECT_OBJC_ISA_USAGE = YES_ERROR;
				CLANG_WARN_DOCUMENTATION_COMMENTS = YES;
				CLANG_WARN_EMPTY_BODY = YES;
				CLANG_WARN_ENUM_CONVERSION = YES;
				CLANG_WARN_INFINITE_RECURSION = YES;
				CLANG_WARN_INT_CONVERSION = YES;
				CLANG_WARN_NON_LITERAL_NULL_CONVERSION = YES;
				CLANG_WARN_OBJC_IMPLICIT_RETAIN_SELF = YES;
				CLANG_WARN_OBJC_LITERAL_CONVERSION = YES;
				CLANG_WARN_OBJC_ROOT_CLASS = YES_ERROR;
				CLANG_WARN_QUOTED_INCLUDE_IN_FRAMEWORK_HEADER = YES;
				CLANG_WARN_RANGE_LOOP_ANALYSIS = YES;
				CLANG_WARN_STRICT_PROTOTYPES = YES;
				CLANG_WARN_SUSPICIOUS_MOVE = YES;
				CLANG_WARN_UNGUARDED_AVAILABILITY = YES_AGGRESSIVE;
				CLANG_WARN_UNREACHABLE_CODE = YES;
				CLANG_WARN__DUPLICATE_METHOD_MATCH = YES;
				COPY_PHASE_STRIP = NO;
				DEBUG_INFORMATION_FORMAT = "dwarf-with-dsym";
				DEVELOPMENT_TEAM = W6HK24QZS4;
				ENABLE_NS_ASSERTIONS = NO;
				ENABLE_STRICT_OBJC_MSGSEND = YES;
				ENABLE_USER_SCRIPT_SANDBOXING = YES;
				GCC_C_LANGUAGE_STANDARD = gnu17;
				GCC_NO_COMMON_BLOCKS = YES;
				GCC_WARN_64_TO_32_BIT_CONVERSION = YES;
				GCC_WARN_ABOUT_RETURN_TYPE = YES_ERROR;
				GCC_WARN_UNDECLARED_SELECTOR = YES;
				GCC_WARN_UNINITIALIZED_AUTOS = YES_AGGRESSIVE;
				GCC_WARN_UNUSED_FUNCTION = YES;
				GCC_WARN_UNUSED_VARIABLE = YES;
				IPHONEOS_DEPLOYMENT_TARGET = 18.5;
				LOCALIZATION_PREFERS_STRING_CATALOGS = YES;
				MTL_ENABLE_DEBUG_INFO = NO;
				MTL_FAST_MATH = YES;
				SDKROOT = iphoneos;
				SWIFT_COMPILATION_MODE = wholemodule;
				VALIDATE_PRODUCT = YES;
			};
			name = Release;
		};
		00F59B2E2E49F90E00027FC0 /* Debug */ = {
			isa = XCBuildConfiguration;
			baseConfigurationReference = 5FA76C47B24F40312E6C3225 /* Pods-NextPatchTests.debug.xcconfig */;
			buildSettings = {
				BUNDLE_LOADER = "$(TEST_HOST)";
				CODE_SIGN_STYLE = Automatic;
				CURRENT_PROJECT_VERSION = 1;
				GENERATE_INFOPLIST_FILE = YES;
				MARKETING_VERSION = 1.0;
				PRODUCT_BUNDLE_IDENTIFIER = com.IrfanulArifa.NextPatchTests;
				PRODUCT_NAME = "$(TARGET_NAME)";
				SWIFT_EMIT_LOC_STRINGS = NO;
				SWIFT_VERSION = 5.0;
				TARGETED_DEVICE_FAMILY = "1,2";
				TEST_HOST = "$(BUILT_PRODUCTS_DIR)/NextPatch.app/$(BUNDLE_EXECUTABLE_FOLDER_PATH)/NextPatch";
			};
			name = Debug;
		};
		00F59B2F2E49F90E00027FC0 /* Release */ = {
			isa = XCBuildConfiguration;
			baseConfigurationReference = 720F721E2AA2B9BD34BB48E6 /* Pods-NextPatchTests.release.xcconfig */;
			buildSettings = {
				BUNDLE_LOADER = "$(TEST_HOST)";
				CODE_SIGN_STYLE = Automatic;
				CURRENT_PROJECT_VERSION = 1;
				GENERATE_INFOPLIST_FILE = YES;
				MARKETING_VERSION = 1.0;
				PRODUCT_BUNDLE_IDENTIFIER = com.IrfanulArifa.NextPatchTests;
				PRODUCT_NAME = "$(TARGET_NAME)";
				SWIFT_EMIT_LOC_STRINGS = NO;
				SWIFT_VERSION = 5.0;
				TARGETED_DEVICE_FAMILY = "1,2";
				TEST_HOST = "$(BUILT_PRODUCTS_DIR)/NextPatch.app/$(BUNDLE_EXECUTABLE_FOLDER_PATH)/NextPatch";
			};
			name = Release;
		};
/* End XCBuildConfiguration section */

/* Begin XCConfigurationList section */
		006F6F072E406301007F658E /* Build configuration list for PBXProject "NextPatch" */ = {
			isa = XCConfigurationList;
			buildConfigurations = (
				006F6F222E406304007F658E /* Debug */,
				006F6F232E406304007F658E /* Release */,
			);
			defaultConfigurationIsVisible = 0;
			defaultConfigurationName = Release;
		};
		006F6F1F2E406304007F658E /* Build configuration list for PBXNativeTarget "NextPatch" */ = {
			isa = XCConfigurationList;
			buildConfigurations = (
				006F6F202E406304007F658E /* Debug */,
				006F6F212E406304007F658E /* Release */,
			);
			defaultConfigurationIsVisible = 0;
			defaultConfigurationName = Release;
		};
		00F59B2D2E49F90E00027FC0 /* Build configuration list for PBXNativeTarget "NextPatchTests" */ = {
			isa = XCConfigurationList;
			buildConfigurations = (
				00F59B2E2E49F90E00027FC0 /* Debug */,
				00F59B2F2E49F90E00027FC0 /* Release */,
			);
			defaultConfigurationIsVisible = 0;
			defaultConfigurationName = Release;
		};
/* End XCConfigurationList section */
	};
	rootObject = 006F6F042E406301007F658E /* Project object */;
}
